
Microsoft Visual Studio Solution File, Format Version 12.00
# Visual Studio Version 17
VisualStudioVersion = 17.14.36804.6
MinimumVisualStudioVersion = 10.0.40219.1
Project("{FAE04EC0-301F-11D3-BF4B-00C04F79EFBC}") = "ConsoleApp1", "ConsoleApp1\ConsoleApp1.csproj", "{51F1CF2F-47E1-4D26-B6F5-F1F058562DDC}"
EndProject
Project("{FAE04EC0-301F-11D3-BF4B-00C04F79EFBC}") = "ConsoleApp2", "ConsoleApp2\ConsoleApp2.csproj", "{F2C17AFC-D501-49D2-AB96-F2AD45909F25}"
EndProject
Project("{FAE04EC0-301F-11D3-BF4B-00C04F79EFBC}") = "PrimeNUmber", "PrimeNUmber\PrimeNUmber.csproj", "{EFD75024-4FE4-4BF5-828C-BD478DF7DD43}"
EndProject
Project("{FAE04EC0-301F-11D3-BF4B-00C04F79EFBC}") = "Pattern1", "Pattern1\Pattern1.csproj", "{EAA6EE53-3795-46C8-B250-BB0F7EE6A6C9}"
EndProject
Project("{FAE04EC0-301F-11D3-BF4B-00C04F79EFBC}") = "Practice_Basic", "Practice_Basic\Practice_Basic.csproj", "{AA3C0310-F8FE-476D-B9C1-113DC386223F}"
EndProject
Project("{FAE04EC0-301F-11D3-BF4B-00C04F79EFBC}") = "Practice2", "Practice2\Practice2.csproj", "{13ACEDAB-D1A2-4B83-A174-F2D4FA06AD6E}"
EndProject
Project("{FAE04EC0-301F-11D3-BF4B-00C04F79EFBC}") = "Data_Types", "Data_Types\Data_Types.csproj", "{AB5A099A-B488-494D-8772-05B4CFBE3D4D}"
EndProject
Project("{FAE04EC0-301F-11D3-BF4B-00C04F79EFBC}") = "03_OOP_Basics", "03_OOP_Basics\03_OOP_Basics.csproj", "{164AE4B6-F376-473B-9173-94BEB5548AEE}"
EndProject
Project("{FAE04EC0-301F-11D3-BF4B-00C04F79EFBC}") = "01_OOP_Inheritance", "01_OOP_Inheritance\01_OOP_Inheritance.csproj", "{FCD9C792-A006-4503-B0A5-DD646945EC6E}"
EndProject
Project("{FAE04EC0-301F-11D3-BF4B-00C04F79EFBC}") = "02_Inheritance", "02_Inheritance\02_Inheritance.csproj", "{06A0E66D-AC56-475F-990D-E2ED5533EC95}"
EndProject
Project("{FAE04EC0-301F-11D3-BF4B-00C04F79EFBC}") = "03_Interface", "03_Interface\03_Interface.csproj", "{6614C4DA-011B-4DC7-964A-4FAF1513DBFF}"
EndProject
Project("{FAE04EC0-301F-11D3-BF4B-00C04F79EFBC}") = "Inheritance _New", "Inheritance _New\Inheritance _New.csproj", "{F79D599B-66A9-48B3-B475-F4540E728795}"
EndProject
Project("{FAE04EC0-301F-11D3-BF4B-00C04F79EFBC}") = "Demo_ReportDoc", "Demo_ReportDoc\Demo_ReportDoc.csproj", "{F90D0894-3EC0-4DB6-A919-FF89EEE0EB62}"
EndProject
Project("{FAE04EC0-301F-11D3-BF4B-00C04F79EFBC}") = "Demo_Sealed_Class", "Demo_Sealed_Class\Demo_Sealed_Class.csproj", "{3C7D2EB9-83CE-4738-B122-3C49221223C6}"
EndProject
Project("{FAE04EC0-301F-11D3-BF4B-00C04F79EFBC}") = "Demo_Singleton", "Demo_Singleton\Demo_Singleton.csproj", "{B56ECB64-4B01-48EB-A4DE-834A600E3302}"
EndProject
Project("{FAE04EC0-301F-11D3-BF4B-00C04F79EFBC}") = "Demo_Notepad", "Demo_Notepad\Demo_Notepad.csproj", "{AE5D8DE7-433E-4871-A846-419592390C36}"
EndProject
Project("{FAE04EC0-301F-11D3-BF4B-00C04F79EFBC}") = "Demo_Properties", "Demo_Properties\Demo_Properties.csproj", "{72FC2534-2E99-4BEE-A4B1-DE5FE1B1286A}"
EndProject
Project("{FAE04EC0-301F-11D3-BF4B-00C04F79EFBC}") = "CMathLib", "CMathLib\CMathLib.csproj", "{ED61FDB4-58EB-4CE1-8059-9AB2C7A7C353}"
EndProject
Project("{FAE04EC0-301F-11D3-BF4B-00C04F79EFBC}") = "CMathClient", "CMathClient\CMathClient.csproj", "{859584ED-9229-4B68-93E9-C8FE9AB0CADD}"
EndProject
Project("{FAE04EC0-301F-11D3-BF4B-00C04F79EFBC}") = "Demo_Delegates", "Demo_Delegates\Demo_Delegates.csproj", "{56210EAA-6B63-49D6-91CC-3774B5B0DD67}"
EndProject
Project("{FAE04EC0-301F-11D3-BF4B-00C04F79EFBC}") = "Demo_EventAndDelegate", "Demo_EventAndDelegate\Demo_EventAndDelegate.csproj", "{D2443CDC-315E-4973-97FF-E2C8884600ED}"
EndProject
Project("{FAE04EC0-301F-11D3-BF4B-00C04F79EFBC}") = "Demo_MultiCastDelegates", "Demo_MultiCastDelegates\Demo_MultiCastDelegates.csproj", "{AF7B7586-705E-4E97-A70A-62E11B0F644C}"
EndProject
Project("{FAE04EC0-301F-11D3-BF4B-00C04F79EFBC}") = "Observer_Pattern", "Observer_Pattern\Observer_Pattern.csproj", "{5C20DF3B-BAED-49D3-AAF3-AA5256921489}"
EndProject
Project("{FAE04EC0-301F-11D3-BF4B-00C04F79EFBC}") = "Demo_Collections", "Demo_Collections\Demo_Collections.csproj", "{F1DC0ED0-8ED9-4A33-9707-6DDD29D54FA1}"
EndProject
Project("{FAE04EC0-301F-11D3-BF4B-00C04F79EFBC}") = "Demo_Generic", "Demo_Generic\Demo_Generic.csproj", "{35CD2BD2-81E0-4E7F-9446-7635054693CD}"
EndProject
Project("{FAE04EC0-301F-11D3-BF4B-00C04F79EFBC}") = "Demo_GenericCollections", "Demo_GenericCollections\Demo_GenericCollections.csproj", "{565D7AA5-D47A-40D6-8D5D-A3258076F161}"
EndProject
Project("{FAE04EC0-301F-11D3-BF4B-00C04F79EFBC}") = "Demo_GenericDelegates", "Demo_GenericDelegates\Demo_GenericDelegates.csproj", "{C0800453-9DE8-4127-BAC1-8C4E11383C75}"
EndProject
Project("{FAE04EC0-301F-11D3-BF4B-00C04F79EFBC}") = "Demo_Files", "Demo_Files\Demo_Files.csproj", "{49E1365F-847F-414C-AC94-6E5A7411ED82}"
EndProject
Project("{FAE04EC0-301F-11D3-BF4B-00C04F79EFBC}") = "Demo_Reflection", "Demo_Reflection\Demo_Reflection.csproj", "{4F713DA8-8160-4865-B6DF-F9083ED7EDAE}"
EndProject
Project("{FAE04EC0-301F-11D3-BF4B-00C04F79EFBC}") = "Demo_MyMath", "Demo_MyMath\Demo_MyMath.csproj", "{D4488F16-D21D-435D-80B6-89D67CFFF1AA}"
EndProject
Project("{FAE04EC0-301F-11D3-BF4B-00C04F79EFBC}") = "Demo_Serialization", "Demo_Serialization\Demo_Serialization.csproj", "{957C7516-3620-45B5-8868-4F3037C05B8E}"
EndProject
Project("{FAE04EC0-301F-11D3-BF4B-00C04F79EFBC}") = "Demo_BinarySerialization", "Demo_BinarySerialization\Demo_BinarySerialization.csproj", "{F53199D8-3C4B-4866-910A-78CA9CFE5494}"
EndProject
Project("{FAE04EC0-301F-11D3-BF4B-00C04F79EFBC}") = "BVSAttributes", "BVSAttributes\BVSAttributes.csproj", "{F917F45B-9186-4C7B-9A1E-F5CBD6988729}"
EndProject
Project("{FAE04EC0-301F-11D3-BF4B-00C04F79EFBC}") = "Demo_Application", "Demo_Application\Demo_Application.csproj", "{61D04E9B-2DB2-4213-AAE3-C1E5995AFF53}"
EndProject
Project("{FAE04EC0-301F-11D3-BF4B-00C04F79EFBC}") = "Demo_EmpLib", "Demo_EmpLib\Demo_EmpLib.csproj", "{78E48ED2-7A5D-4EF0-B461-0CA4AF25EC4C}"
EndProject
Project("{2150E333-8FDC-42A3-9474-1A3956D46DE8}") = "Solution Items", "Solution Items", "{02EA681E-C7D8-13C7-8484-4AC65E1B71E8}"
	ProjectSection(SolutionItems) = preProject
		.editorconfig = .editorconfig
	EndProjectSection
EndProject
Project("{FAE04EC0-301F-11D3-BF4B-00C04F79EFBC}") = "Demo_CustomAttributes", "Demo_CustomAttributes\Demo_CustomAttributes.csproj", "{EDE38D19-19D2-4721-9661-D22E49CE15E8}"
EndProject
Project("{FAE04EC0-301F-11D3-BF4B-00C04F79EFBC}") = "CSharpFeatures", "CSharpFeatures\CSharpFeatures.csproj", "{4850F71F-470D-488D-90DD-98AE50B1BECD}"
EndProject
Project("{FAE04EC0-301F-11D3-BF4B-00C04F79EFBC}") = "Demo_MyORM", "Demo_MyORM\Demo_MyORM.csproj", "{D062E55B-B61B-43AE-8416-DAE0C2FFE61B}"
EndProject
Project("{FAE04EC0-301F-11D3-BF4B-00C04F79EFBC}") = "CSharpFeatures_2", "CSharpFeatures_2\CSharpFeatures_2.csproj", "{82856A2C-2E22-4CCF-9FB2-52DDCC913DEC}"
EndProject
Project("{FAE04EC0-301F-11D3-BF4B-00C04F79EFBC}") = "Demo_LINQ_01", "Demo_LINQ_01\Demo_LINQ_01.csproj", "{4965F43A-0ED7-4D9A-8AEE-48E886B66F1D}"
EndProject
Project("{FAE04EC0-301F-11D3-BF4B-00C04F79EFBC}") = "Demo_LINQ_02", "Demo_LINQ_02\Demo_LINQ_02.csproj", "{15F47FB2-27E3-4F57-8F9C-FE19A03A05FE}"
EndProject
Project("{FAE04EC0-301F-11D3-BF4B-00C04F79EFBC}") = "Demo_LINQ_03", "Demo_LINQ_03\Demo_LINQ_03.csproj", "{E917FF62-B1EC-4AFC-8903-306B93661DE3}"
EndProject
Project("{FAE04EC0-301F-11D3-BF4B-00C04F79EFBC}") = "Demo_LINQ_04", "Demo_LINQ_04\Demo_LINQ_04.csproj", "{D1926E75-02F5-4AD5-9C8A-A9EA4FBC9E99}"
EndProject
Project("{FAE04EC0-301F-11D3-BF4B-00C04F79EFBC}") = "Demo_ConnectedADO.Net", "Demo_ConnectedADO.Net\Demo_ConnectedADO.Net.csproj", "{BC464429-03FE-410C-8845-BF66571F8AA9}"
EndProject
Project("{FAE04EC0-301F-11D3-BF4B-00C04F79EFBC}") = "Demo_ConnectedADO", "Demo_ConnectedADO\Demo_ConnectedADO.csproj", "{917861DB-E9F9-42B9-AE57-EA4E17574A91}"
EndProject
Project("{FAE04EC0-301F-11D3-BF4B-00C04F79EFBC}") = "Login_Assignment", "Login_Assignment\Login_Assignment.csproj", "{BB9A72EE-C8FB-4536-91C6-D2251B76B89E}"
EndProject
Global
	GlobalSection(SolutionConfigurationPlatforms) = preSolution
		Debug|Any CPU = Debug|Any CPU
		Release|Any CPU = Release|Any CPU
	EndGlobalSection
	GlobalSection(ProjectConfigurationPlatforms) = postSolution
		{51F1CF2F-47E1-4D26-B6F5-F1F058562DDC}.Debug|Any CPU.ActiveCfg = Debug|Any CPU
		{51F1CF2F-47E1-4D26-B6F5-F1F058562DDC}.Debug|Any CPU.Build.0 = Debug|Any CPU
		{51F1CF2F-47E1-4D26-B6F5-F1F058562DDC}.Release|Any CPU.ActiveCfg = Release|Any CPU
		{51F1CF2F-47E1-4D26-B6F5-F1F058562DDC}.Release|Any CPU.Build.0 = Release|Any CPU
		{F2C17AFC-D501-49D2-AB96-F2AD45909F25}.Debug|Any CPU.ActiveCfg = Debug|Any CPU
		{F2C17AFC-D501-49D2-AB96-F2AD45909F25}.Debug|Any CPU.Build.0 = Debug|Any CPU
		{F2C17AFC-D501-49D2-AB96-F2AD45909F25}.Release|Any CPU.ActiveCfg = Release|Any CPU
		{F2C17AFC-D501-49D2-AB96-F2AD45909F25}.Release|Any CPU.Build.0 = Release|Any CPU
		{EFD75024-4FE4-4BF5-828C-BD478DF7DD43}.Debug|Any CPU.ActiveCfg = Debug|Any CPU
		{EFD75024-4FE4-4BF5-828C-BD478DF7DD43}.Debug|Any CPU.Build.0 = Debug|Any CPU
		{EFD75024-4FE4-4BF5-828C-BD478DF7DD43}.Release|Any CPU.ActiveCfg = Release|Any CPU
		{EFD75024-4FE4-4BF5-828C-BD478DF7DD43}.Release|Any CPU.Build.0 = Release|Any CPU
		{EAA6EE53-3795-46C8-B250-BB0F7EE6A6C9}.Debug|Any CPU.ActiveCfg = Debug|Any CPU
		{EAA6EE53-3795-46C8-B250-BB0F7EE6A6C9}.Debug|Any CPU.Build.0 = Debug|Any CPU
		{EAA6EE53-3795-46C8-B250-BB0F7EE6A6C9}.Release|Any CPU.ActiveCfg = Release|Any CPU
		{EAA6EE53-3795-46C8-B250-BB0F7EE6A6C9}.Release|Any CPU.Build.0 = Release|Any CPU
		{AA3C0310-F8FE-476D-B9C1-113DC386223F}.Debug|Any CPU.ActiveCfg = Debug|Any CPU
		{AA3C0310-F8FE-476D-B9C1-113DC386223F}.Debug|Any CPU.Build.0 = Debug|Any CPU
		{AA3C0310-F8FE-476D-B9C1-113DC386223F}.Release|Any CPU.ActiveCfg = Release|Any CPU
		{AA3C0310-F8FE-476D-B9C1-113DC386223F}.Release|Any CPU.Build.0 = Release|Any CPU
		{13ACEDAB-D1A2-4B83-A174-F2D4FA06AD6E}.Debug|Any CPU.ActiveCfg = Debug|Any CPU
		{13ACEDAB-D1A2-4B83-A174-F2D4FA06AD6E}.Debug|Any CPU.Build.0 = Debug|Any CPU
		{13ACEDAB-D1A2-4B83-A174-F2D4FA06AD6E}.Release|Any CPU.ActiveCfg = Release|Any CPU
		{13ACEDAB-D1A2-4B83-A174-F2D4FA06AD6E}.Release|Any CPU.Build.0 = Release|Any CPU
		{AB5A099A-B488-494D-8772-05B4CFBE3D4D}.Debug|Any CPU.ActiveCfg = Debug|Any CPU
		{AB5A099A-B488-494D-8772-05B4CFBE3D4D}.Debug|Any CPU.Build.0 = Debug|Any CPU
		{AB5A099A-B488-494D-8772-05B4CFBE3D4D}.Release|Any CPU.ActiveCfg = Release|Any CPU
		{AB5A099A-B488-494D-8772-05B4CFBE3D4D}.Release|Any CPU.Build.0 = Release|Any CPU
		{164AE4B6-F376-473B-9173-94BEB5548AEE}.Debug|Any CPU.ActiveCfg = Debug|Any CPU
		{164AE4B6-F376-473B-9173-94BEB5548AEE}.Debug|Any CPU.Build.0 = Debug|Any CPU
		{164AE4B6-F376-473B-9173-94BEB5548AEE}.Release|Any CPU.ActiveCfg = Release|Any CPU
		{164AE4B6-F376-473B-9173-94BEB5548AEE}.Release|Any CPU.Build.0 = Release|Any CPU
		{FCD9C792-A006-4503-B0A5-DD646945EC6E}.Debug|Any CPU.ActiveCfg = Debug|Any CPU
		{FCD9C792-A006-4503-B0A5-DD646945EC6E}.Debug|Any CPU.Build.0 = Debug|Any CPU
		{FCD9C792-A006-4503-B0A5-DD646945EC6E}.Release|Any CPU.ActiveCfg = Release|Any CPU
		{FCD9C792-A006-4503-B0A5-DD646945EC6E}.Release|Any CPU.Build.0 = Release|Any CPU
		{06A0E66D-AC56-475F-990D-E2ED5533EC95}.Debug|Any CPU.ActiveCfg = Debug|Any CPU
		{06A0E66D-AC56-475F-990D-E2ED5533EC95}.Debug|Any CPU.Build.0 = Debug|Any CPU
		{06A0E66D-AC56-475F-990D-E2ED5533EC95}.Release|Any CPU.ActiveCfg = Release|Any CPU
		{06A0E66D-AC56-475F-990D-E2ED5533EC95}.Release|Any CPU.Build.0 = Release|Any CPU
		{6614C4DA-011B-4DC7-964A-4FAF1513DBFF}.Debug|Any CPU.ActiveCfg = Debug|Any CPU
		{6614C4DA-011B-4DC7-964A-4FAF1513DBFF}.Debug|Any CPU.Build.0 = Debug|Any CPU
		{6614C4DA-011B-4DC7-964A-4FAF1513DBFF}.Release|Any CPU.ActiveCfg = Release|Any CPU
		{6614C4DA-011B-4DC7-964A-4FAF1513DBFF}.Release|Any CPU.Build.0 = Release|Any CPU
		{F79D599B-66A9-48B3-B475-F4540E728795}.Debug|Any CPU.ActiveCfg = Debug|Any CPU
		{F79D599B-66A9-48B3-B475-F4540E728795}.Debug|Any CPU.Build.0 = Debug|Any CPU
		{F79D599B-66A9-48B3-B475-F4540E728795}.Release|Any CPU.ActiveCfg = Release|Any CPU
		{F79D599B-66A9-48B3-B475-F4540E728795}.Release|Any CPU.Build.0 = Release|Any CPU
		{F90D0894-3EC0-4DB6-A919-FF89EEE0EB62}.Debug|Any CPU.ActiveCfg = Debug|Any CPU
		{F90D0894-3EC0-4DB6-A919-FF89EEE0EB62}.Debug|Any CPU.Build.0 = Debug|Any CPU
		{F90D0894-3EC0-4DB6-A919-FF89EEE0EB62}.Release|Any CPU.ActiveCfg = Release|Any CPU
		{F90D0894-3EC0-4DB6-A919-FF89EEE0EB62}.Release|Any CPU.Build.0 = Release|Any CPU
		{3C7D2EB9-83CE-4738-B122-3C49221223C6}.Debug|Any CPU.ActiveCfg = Debug|Any CPU
		{3C7D2EB9-83CE-4738-B122-3C49221223C6}.Debug|Any CPU.Build.0 = Debug|Any CPU
		{3C7D2EB9-83CE-4738-B122-3C49221223C6}.Release|Any CPU.ActiveCfg = Release|Any CPU
		{3C7D2EB9-83CE-4738-B122-3C49221223C6}.Release|Any CPU.Build.0 = Release|Any CPU
		{B56ECB64-4B01-48EB-A4DE-834A600E3302}.Debug|Any CPU.ActiveCfg = Debug|Any CPU
		{B56ECB64-4B01-48EB-A4DE-834A600E3302}.Debug|Any CPU.Build.0 = Debug|Any CPU
		{B56ECB64-4B01-48EB-A4DE-834A600E3302}.Release|Any CPU.ActiveCfg = Release|Any CPU
		{B56ECB64-4B01-48EB-A4DE-834A600E3302}.Release|Any CPU.Build.0 = Release|Any CPU
		{AE5D8DE7-433E-4871-A846-419592390C36}.Debug|Any CPU.ActiveCfg = Debug|Any CPU
		{AE5D8DE7-433E-4871-A846-419592390C36}.Debug|Any CPU.Build.0 = Debug|Any CPU
		{AE5D8DE7-433E-4871-A846-419592390C36}.Release|Any CPU.ActiveCfg = Release|Any CPU
		{AE5D8DE7-433E-4871-A846-419592390C36}.Release|Any CPU.Build.0 = Release|Any CPU
		{72FC2534-2E99-4BEE-A4B1-DE5FE1B1286A}.Debug|Any CPU.ActiveCfg = Debug|Any CPU
		{72FC2534-2E99-4BEE-A4B1-DE5FE1B1286A}.Debug|Any CPU.Build.0 = Debug|Any CPU
		{72FC2534-2E99-4BEE-A4B1-DE5FE1B1286A}.Release|Any CPU.ActiveCfg = Release|Any CPU
		{72FC2534-2E99-4BEE-A4B1-DE5FE1B1286A}.Release|Any CPU.Build.0 = Release|Any CPU
		{ED61FDB4-58EB-4CE1-8059-9AB2C7A7C353}.Debug|Any CPU.ActiveCfg = Debug|Any CPU
		{ED61FDB4-58EB-4CE1-8059-9AB2C7A7C353}.Debug|Any CPU.Build.0 = Debug|Any CPU
		{ED61FDB4-58EB-4CE1-8059-9AB2C7A7C353}.Release|Any CPU.ActiveCfg = Release|Any CPU
		{ED61FDB4-58EB-4CE1-8059-9AB2C7A7C353}.Release|Any CPU.Build.0 = Release|Any CPU
		{859584ED-9229-4B68-93E9-C8FE9AB0CADD}.Debug|Any CPU.ActiveCfg = Debug|Any CPU
		{859584ED-9229-4B68-93E9-C8FE9AB0CADD}.Debug|Any CPU.Build.0 = Debug|Any CPU
		{859584ED-9229-4B68-93E9-C8FE9AB0CADD}.Release|Any CPU.ActiveCfg = Release|Any CPU
		{859584ED-9229-4B68-93E9-C8FE9AB0CADD}.Release|Any CPU.Build.0 = Release|Any CPU
		{56210EAA-6B63-49D6-91CC-3774B5B0DD67}.Debug|Any CPU.ActiveCfg = Debug|Any CPU
		{56210EAA-6B63-49D6-91CC-3774B5B0DD67}.Debug|Any CPU.Build.0 = Debug|Any CPU
		{56210EAA-6B63-49D6-91CC-3774B5B0DD67}.Release|Any CPU.ActiveCfg = Release|Any CPU
		{56210EAA-6B63-49D6-91CC-3774B5B0DD67}.Release|Any CPU.Build.0 = Release|Any CPU
		{D2443CDC-315E-4973-97FF-E2C8884600ED}.Debug|Any CPU.ActiveCfg = Debug|Any CPU
		{D2443CDC-315E-4973-97FF-E2C8884600ED}.Debug|Any CPU.Build.0 = Debug|Any CPU
		{D2443CDC-315E-4973-97FF-E2C8884600ED}.Release|Any CPU.ActiveCfg = Release|Any CPU
		{D2443CDC-315E-4973-97FF-E2C8884600ED}.Release|Any CPU.Build.0 = Release|Any CPU
		{AF7B7586-705E-4E97-A70A-62E11B0F644C}.Debug|Any CPU.ActiveCfg = Debug|Any CPU
		{AF7B7586-705E-4E97-A70A-62E11B0F644C}.Debug|Any CPU.Build.0 = Debug|Any CPU
		{AF7B7586-705E-4E97-A70A-62E11B0F644C}.Release|Any CPU.ActiveCfg = Release|Any CPU
		{AF7B7586-705E-4E97-A70A-62E11B0F644C}.Release|Any CPU.Build.0 = Release|Any CPU
		{5C20DF3B-BAED-49D3-AAF3-AA5256921489}.Debug|Any CPU.ActiveCfg = Debug|Any CPU
		{5C20DF3B-BAED-49D3-AAF3-AA5256921489}.Debug|Any CPU.Build.0 = Debug|Any CPU
		{5C20DF3B-BAED-49D3-AAF3-AA5256921489}.Release|Any CPU.ActiveCfg = Release|Any CPU
		{5C20DF3B-BAED-49D3-AAF3-AA5256921489}.Release|Any CPU.Build.0 = Release|Any CPU
		{F1DC0ED0-8ED9-4A33-9707-6DDD29D54FA1}.Debug|Any CPU.ActiveCfg = Debug|Any CPU
		{F1DC0ED0-8ED9-4A33-9707-6DDD29D54FA1}.Debug|Any CPU.Build.0 = Debug|Any CPU
		{F1DC0ED0-8ED9-4A33-9707-6DDD29D54FA1}.Release|Any CPU.ActiveCfg = Release|Any CPU
		{F1DC0ED0-8ED9-4A33-9707-6DDD29D54FA1}.Release|Any CPU.Build.0 = Release|Any CPU
		{35CD2BD2-81E0-4E7F-9446-7635054693CD}.Debug|Any CPU.ActiveCfg = Debug|Any CPU
		{35CD2BD2-81E0-4E7F-9446-7635054693CD}.Debug|Any CPU.Build.0 = Debug|Any CPU
		{35CD2BD2-81E0-4E7F-9446-7635054693CD}.Release|Any CPU.ActiveCfg = Release|Any CPU
		{35CD2BD2-81E0-4E7F-9446-7635054693CD}.Release|Any CPU.Build.0 = Release|Any CPU
		{565D7AA5-D47A-40D6-8D5D-A3258076F161}.Debug|Any CPU.ActiveCfg = Debug|Any CPU
		{565D7AA5-D47A-40D6-8D5D-A3258076F161}.Debug|Any CPU.Build.0 = Debug|Any CPU
		{565D7AA5-D47A-40D6-8D5D-A3258076F161}.Release|Any CPU.ActiveCfg = Release|Any CPU
		{565D7AA5-D47A-40D6-8D5D-A3258076F161}.Release|Any CPU.Build.0 = Release|Any CPU
		{C0800453-9DE8-4127-BAC1-8C4E11383C75}.Debug|Any CPU.ActiveCfg = Debug|Any CPU
		{C0800453-9DE8-4127-BAC1-8C4E11383C75}.Debug|Any CPU.Build.0 = Debug|Any CPU
		{C0800453-9DE8-4127-BAC1-8C4E11383C75}.Release|Any CPU.ActiveCfg = Release|Any CPU
		{C0800453-9DE8-4127-BAC1-8C4E11383C75}.Release|Any CPU.Build.0 = Release|Any CPU
		{49E1365F-847F-414C-AC94-6E5A7411ED82}.Debug|Any CPU.ActiveCfg = Debug|Any CPU
		{49E1365F-847F-414C-AC94-6E5A7411ED82}.Debug|Any CPU.Build.0 = Debug|Any CPU
		{49E1365F-847F-414C-AC94-6E5A7411ED82}.Release|Any CPU.ActiveCfg = Release|Any CPU
		{49E1365F-847F-414C-AC94-6E5A7411ED82}.Release|Any CPU.Build.0 = Release|Any CPU
		{4F713DA8-8160-4865-B6DF-F9083ED7EDAE}.Debug|Any CPU.ActiveCfg = Debug|Any CPU
		{4F713DA8-8160-4865-B6DF-F9083ED7EDAE}.Debug|Any CPU.Build.0 = Debug|Any CPU
		{4F713DA8-8160-4865-B6DF-F9083ED7EDAE}.Release|Any CPU.ActiveCfg = Release|Any CPU
		{4F713DA8-8160-4865-B6DF-F9083ED7EDAE}.Release|Any CPU.Build.0 = Release|Any CPU
		{D4488F16-D21D-435D-80B6-89D67CFFF1AA}.Debug|Any CPU.ActiveCfg = Debug|Any CPU
		{D4488F16-D21D-435D-80B6-89D67CFFF1AA}.Debug|Any CPU.Build.0 = Debug|Any CPU
		{D4488F16-D21D-435D-80B6-89D67CFFF1AA}.Release|Any CPU.ActiveCfg = Release|Any CPU
		{D4488F16-D21D-435D-80B6-89D67CFFF1AA}.Release|Any CPU.Build.0 = Release|Any CPU
		{957C7516-3620-45B5-8868-4F3037C05B8E}.Debug|Any CPU.ActiveCfg = Debug|Any CPU
		{957C7516-3620-45B5-8868-4F3037C05B8E}.Debug|Any CPU.Build.0 = Debug|Any CPU
		{957C7516-3620-45B5-8868-4F3037C05B8E}.Release|Any CPU.ActiveCfg = Release|Any CPU
		{957C7516-3620-45B5-8868-4F3037C05B8E}.Release|Any CPU.Build.0 = Release|Any CPU
		{F53199D8-3C4B-4866-910A-78CA9CFE5494}.Debug|Any CPU.ActiveCfg = Debug|Any CPU
		{F53199D8-3C4B-4866-910A-78CA9CFE5494}.Debug|Any CPU.Build.0 = Debug|Any CPU
		{F53199D8-3C4B-4866-910A-78CA9CFE5494}.Release|Any CPU.ActiveCfg = Release|Any CPU
		{F53199D8-3C4B-4866-910A-78CA9CFE5494}.Release|Any CPU.Build.0 = Release|Any CPU
		{F917F45B-9186-4C7B-9A1E-F5CBD6988729}.Debug|Any CPU.ActiveCfg = Debug|Any CPU
		{F917F45B-9186-4C7B-9A1E-F5CBD6988729}.Debug|Any CPU.Build.0 = Debug|Any CPU
		{F917F45B-9186-4C7B-9A1E-F5CBD6988729}.Release|Any CPU.ActiveCfg = Release|Any CPU
		{F917F45B-9186-4C7B-9A1E-F5CBD6988729}.Release|Any CPU.Build.0 = Release|Any CPU
		{61D04E9B-2DB2-4213-AAE3-C1E5995AFF53}.Debug|Any CPU.ActiveCfg = Debug|Any CPU
		{61D04E9B-2DB2-4213-AAE3-C1E5995AFF53}.Debug|Any CPU.Build.0 = Debug|Any CPU
		{61D04E9B-2DB2-4213-AAE3-C1E5995AFF53}.Release|Any CPU.ActiveCfg = Release|Any CPU
		{61D04E9B-2DB2-4213-AAE3-C1E5995AFF53}.Release|Any CPU.Build.0 = Release|Any CPU
		{78E48ED2-7A5D-4EF0-B461-0CA4AF25EC4C}.Debug|Any CPU.ActiveCfg = Debug|Any CPU
		{78E48ED2-7A5D-4EF0-B461-0CA4AF25EC4C}.Debug|Any CPU.Build.0 = Debug|Any CPU
		{78E48ED2-7A5D-4EF0-B461-0CA4AF25EC4C}.Release|Any CPU.ActiveCfg = Release|Any CPU
		{78E48ED2-7A5D-4EF0-B461-0CA4AF25EC4C}.Release|Any CPU.Build.0 = Release|Any CPU
		{EDE38D19-19D2-4721-9661-D22E49CE15E8}.Debug|Any CPU.ActiveCfg = Debug|Any CPU
		{EDE38D19-19D2-4721-9661-D22E49CE15E8}.Debug|Any CPU.Build.0 = Debug|Any CPU
		{EDE38D19-19D2-4721-9661-D22E49CE15E8}.Release|Any CPU.ActiveCfg = Release|Any CPU
		{EDE38D19-19D2-4721-9661-D22E49CE15E8}.Release|Any CPU.Build.0 = Release|Any CPU
		{4850F71F-470D-488D-90DD-98AE50B1BECD}.Debug|Any CPU.ActiveCfg = Debug|Any CPU
		{4850F71F-470D-488D-90DD-98AE50B1BECD}.Debug|Any CPU.Build.0 = Debug|Any CPU
		{4850F71F-470D-488D-90DD-98AE50B1BECD}.Release|Any CPU.ActiveCfg = Release|Any CPU
		{4850F71F-470D-488D-90DD-98AE50B1BECD}.Release|Any CPU.Build.0 = Release|Any CPU
		{D062E55B-B61B-43AE-8416-DAE0C2FFE61B}.Debug|Any CPU.ActiveCfg = Debug|Any CPU
		{D062E55B-B61B-43AE-8416-DAE0C2FFE61B}.Debug|Any CPU.Build.0 = Debug|Any CPU
		{D062E55B-B61B-43AE-8416-DAE0C2FFE61B}.Release|Any CPU.ActiveCfg = Release|Any CPU
		{D062E55B-B61B-43AE-8416-DAE0C2FFE61B}.Release|Any CPU.Build.0 = Release|Any CPU
		{82856A2C-2E22-4CCF-9FB2-52DDCC913DEC}.Debug|Any CPU.ActiveCfg = Debug|Any CPU
		{82856A2C-2E22-4CCF-9FB2-52DDCC913DEC}.Debug|Any CPU.Build.0 = Debug|Any CPU
		{82856A2C-2E22-4CCF-9FB2-52DDCC913DEC}.Release|Any CPU.ActiveCfg = Release|Any CPU
		{82856A2C-2E22-4CCF-9FB2-52DDCC913DEC}.Release|Any CPU.Build.0 = Release|Any CPU
		{4965F43A-0ED7-4D9A-8AEE-48E886B66F1D}.Debug|Any CPU.ActiveCfg = Debug|Any CPU
		{4965F43A-0ED7-4D9A-8AEE-48E886B66F1D}.Debug|Any CPU.Build.0 = Debug|Any CPU
		{4965F43A-0ED7-4D9A-8AEE-48E886B66F1D}.Release|Any CPU.ActiveCfg = Release|Any CPU
		{4965F43A-0ED7-4D9A-8AEE-48E886B66F1D}.Release|Any CPU.Build.0 = Release|Any CPU
		{15F47FB2-27E3-4F57-8F9C-FE19A03A05FE}.Debug|Any CPU.ActiveCfg = Debug|Any CPU
		{15F47FB2-27E3-4F57-8F9C-FE19A03A05FE}.Debug|Any CPU.Build.0 = Debug|Any CPU
		{15F47FB2-27E3-4F57-8F9C-FE19A03A05FE}.Release|Any CPU.ActiveCfg = Release|Any CPU
		{15F47FB2-27E3-4F57-8F9C-FE19A03A05FE}.Release|Any CPU.Build.0 = Release|Any CPU
		{E917FF62-B1EC-4AFC-8903-306B93661DE3}.Debug|Any CPU.ActiveCfg = Debug|Any CPU
		{E917FF62-B1EC-4AFC-8903-306B93661DE3}.Debug|Any CPU.Build.0 = Debug|Any CPU
		{E917FF62-B1EC-4AFC-8903-306B93661DE3}.Release|Any CPU.ActiveCfg = Release|Any CPU
		{E917FF62-B1EC-4AFC-8903-306B93661DE3}.Release|Any CPU.Build.0 = Release|Any CPU
		{D1926E75-02F5-4AD5-9C8A-A9EA4FBC9E99}.Debug|Any CPU.ActiveCfg = Debug|Any CPU
		{D1926E75-02F5-4AD5-9C8A-A9EA4FBC9E99}.Debug|Any CPU.Build.0 = Debug|Any CPU
		{D1926E75-02F5-4AD5-9C8A-A9EA4FBC9E99}.Release|Any CPU.ActiveCfg = Release|Any CPU
		{D1926E75-02F5-4AD5-9C8A-A9EA4FBC9E99}.Release|Any CPU.Build.0 = Release|Any CPU
		{BC464429-03FE-410C-8845-BF66571F8AA9}.Debug|Any CPU.ActiveCfg = Debug|Any CPU
		{BC464429-03FE-410C-8845-BF66571F8AA9}.Debug|Any CPU.Build.0 = Debug|Any CPU
		{BC464429-03FE-410C-8845-BF66571F8AA9}.Release|Any CPU.ActiveCfg = Release|Any CPU
		{BC464429-03FE-410C-8845-BF66571F8AA9}.Release|Any CPU.Build.0 = Release|Any CPU
		{917861DB-E9F9-42B9-AE57-EA4E17574A91}.Debug|Any CPU.ActiveCfg = Debug|Any CPU
		{917861DB-E9F9-42B9-AE57-EA4E17574A91}.Debug|Any CPU.Build.0 = Debug|Any CPU
		{917861DB-E9F9-42B9-AE57-EA4E17574A91}.Release|Any CPU.ActiveCfg = Release|Any CPU
		{917861DB-E9F9-42B9-AE57-EA4E17574A91}.Release|Any CPU.Build.0 = Release|Any CPU
		{BB9A72EE-C8FB-4536-91C6-D2251B76B89E}.Debug|Any CPU.ActiveCfg = Debug|Any CPU
		{BB9A72EE-C8FB-4536-91C6-D2251B76B89E}.Debug|Any CPU.Build.0 = Debug|Any CPU
		{BB9A72EE-C8FB-4536-91C6-D2251B76B89E}.Release|Any CPU.ActiveCfg = Release|Any CPU
		{BB9A72EE-C8FB-4536-91C6-D2251B76B89E}.Release|Any CPU.Build.0 = Release|Any CPU
	EndGlobalSection
	GlobalSection(SolutionProperties) = preSolution
		HideSolutionNode = FALSE
	EndGlobalSection
	GlobalSection(ExtensibilityGlobals) = postSolution
		SolutionGuid = {8564D6F8-BD6B-47A7-99B6-F7CC5BB91492}
	EndGlobalSection
EndGlobal
